dependencies:
- name: kafka
  repository: oci://registry-1.docker.io/bitnamicharts
  version: 32.4.3
- name: redis
  repository: oci://registry-1.docker.io/bitnamicharts
  version: 25.5.3
- name: timescaledb-single
  repository: https://charts.timescale.com
  version: 0.33.0
digest: sha256:4ffa77756d32af5aa9e46514501a2373479681dc2cb83b9c12fb83b3790f1920
generated: "2026-05-19T15:59:01.831425202+02:00"
