dependencies:
- name: kafka
  repository: oci://registry-1.docker.io/bitnamicharts
  version: 32.4.3
- name: redis
  repository: oci://registry-1.docker.io/bitnamicharts
  version: 25.5.3
- name: timescaledb-single
  repository: https://charts.timescale.com
  version: 0.33.0
digest: sha256:bdb98c219886c75fe0e12870b4ea9bb5763d4f8e5afe3835844c0b8567c36a94
generated: "2026-05-18T22:12:29.696480235+02:00"
